
Microsoft Visual Studio Solution File, Format Version 12.00
# Visual Studio Version 16
VisualStudioVersion = 16.0.31112.23
MinimumVisualStudioVersion = 10.0.40219.1
Project("{FAE04EC0-301F-11D3-BF4B-00C04F79EFBC}") = "DemoHaber", "DemoHaber\DemoHaber.csproj", "{0FDAA78B-DA26-4885-A8C3-5EC0ECBB19F0}"
EndProject
Global
	GlobalSection(SolutionConfigurationPlatforms) = preSolution
		Debug|Any CPU = Debug|Any CPU
		Release|Any CPU = Release|Any CPU
	EndGlobalSection
	GlobalSection(ProjectConfigurationPlatforms) = postSolution
		{0FDAA78B-DA26-4885-A8C3-5EC0ECBB19F0}.Debug|Any CPU.ActiveCfg = Debug|Any CPU
		{0FDAA78B-DA26-4885-A8C3-5EC0ECBB19F0}.Debug|Any CPU.Build.0 = Debug|Any CPU
		{0FDAA78B-DA26-4885-A8C3-5EC0ECBB19F0}.Release|Any CPU.ActiveCfg = Release|Any CPU
		{0FDAA78B-DA26-4885-A8C3-5EC0ECBB19F0}.Release|Any CPU.Build.0 = Release|Any CPU
	EndGlobalSection
	GlobalSection(SolutionProperties) = preSolution
		HideSolutionNode = FALSE
	EndGlobalSection
	GlobalSection(ExtensibilityGlobals) = postSolution
		SolutionGuid = {52DAE44C-9EE4-4342-AD8B-A6FA0AD99C87}
	EndGlobalSection
EndGlobal
